
Microsoft Visual Studio Solution File, Format Version 12.00
# Visual Studio Version 17
VisualStudioVersion = 17.11.35312.102
MinimumVisualStudioVersion = 10.0.40219.1
Project("{9A19103F-16F7-4668-BE54-9A1E7A4F7556}") = "Search.OpenAI.RagAudio", "Search.OpenAI.RagAudio\Search.OpenAI.RagAudio.csproj", "{DCB86C41-145C-4656-95DF-A2C4CFE12271}"
EndProject
Global
	GlobalSection(SolutionConfigurationPlatforms) = preSolution
		Debug|Any CPU = Debug|Any CPU
		Release|Any CPU = Release|Any CPU
	EndGlobalSection
	GlobalSection(ProjectConfigurationPlatforms) = postSolution
		{DCB86C41-145C-4656-95DF-A2C4CFE12271}.Debug|Any CPU.ActiveCfg = Debug|Any CPU
		{DCB86C41-145C-4656-95DF-A2C4CFE12271}.Debug|Any CPU.Build.0 = Debug|Any CPU
		{DCB86C41-145C-4656-95DF-A2C4CFE12271}.Release|Any CPU.ActiveCfg = Release|Any CPU
		{DCB86C41-145C-4656-95DF-A2C4CFE12271}.Release|Any CPU.Build.0 = Release|Any CPU
	EndGlobalSection
	GlobalSection(SolutionProperties) = preSolution
		HideSolutionNode = FALSE
	EndGlobalSection
	GlobalSection(ExtensibilityGlobals) = postSolution
		SolutionGuid = {A5BAB793-019A-413B-B115-023886F68AD1}
	EndGlobalSection
EndGlobal
